
Microsoft Visual Studio Solution File, Format Version 12.00
# Visual Studio Version 16
VisualStudioVersion = 16.0.30907.101
MinimumVisualStudioVersion = 10.0.40219.1
Project("{FAE04EC0-301F-11D3-BF4B-00C04F79EFBC}") = "Stack_01", "Stack_01\Stack_01.csproj", "{C725C79B-3E13-4E0A-925D-A02DF5054C4E}"
EndProject
Global
	GlobalSection(SolutionConfigurationPlatforms) = preSolution
		Debug|Any CPU = Debug|Any CPU
		Release|Any CPU = Release|Any CPU
	EndGlobalSection
	GlobalSection(ProjectConfigurationPlatforms) = postSolution
		{C725C79B-3E13-4E0A-925D-A02DF5054C4E}.Debug|Any CPU.ActiveCfg = Debug|Any CPU
		{C725C79B-3E13-4E0A-925D-A02DF5054C4E}.Debug|Any CPU.Build.0 = Debug|Any CPU
		{C725C79B-3E13-4E0A-925D-A02DF5054C4E}.Release|Any CPU.ActiveCfg = Release|Any CPU
		{C725C79B-3E13-4E0A-925D-A02DF5054C4E}.Release|Any CPU.Build.0 = Release|Any CPU
	EndGlobalSection
	GlobalSection(SolutionProperties) = preSolution
		HideSolutionNode = FALSE
	EndGlobalSection
	GlobalSection(ExtensibilityGlobals) = postSolution
		SolutionGuid = {A90EEE8A-B7FB-483D-A5FB-71463E78D267}
	EndGlobalSection
EndGlobal
